
Microsoft Visual Studio Solution File, Format Version 12.00
# Visual Studio Version 16
VisualStudioVersion = 16.0.29324.140
MinimumVisualStudioVersion = 10.0.40219.1
Project("{FAE04EC0-301F-11D3-BF4B-00C04F79EFBC}") = "EmployeeManagementSystem", "EmployeeManagementSystem.csproj", "{2E5E016C-9BED-452E-B7B2-13918F530EBA}"
EndProject
Project("{FAE04EC0-301F-11D3-BF4B-00C04F79EFBC}") = "LoginModuleTest", "..\LoginModuleTest\LoginModuleTest.csproj", "{6F242193-5DE9-4914-9974-9DC8D0806AEF}"
EndProject
Global
	GlobalSection(SolutionConfigurationPlatforms) = preSolution
		Debug|Any CPU = Debug|Any CPU
		Release|Any CPU = Release|Any CPU
	EndGlobalSection
	GlobalSection(ProjectConfigurationPlatforms) = postSolution
		{2E5E016C-9BED-452E-B7B2-13918F530EBA}.Debug|Any CPU.ActiveCfg = Debug|Any CPU
		{2E5E016C-9BED-452E-B7B2-13918F530EBA}.Debug|Any CPU.Build.0 = Debug|Any CPU
		{2E5E016C-9BED-452E-B7B2-13918F530EBA}.Release|Any CPU.ActiveCfg = Release|Any CPU
		{2E5E016C-9BED-452E-B7B2-13918F530EBA}.Release|Any CPU.Build.0 = Release|Any CPU
		{6F242193-5DE9-4914-9974-9DC8D0806AEF}.Debug|Any CPU.ActiveCfg = Debug|Any CPU
		{6F242193-5DE9-4914-9974-9DC8D0806AEF}.Debug|Any CPU.Build.0 = Debug|Any CPU
		{6F242193-5DE9-4914-9974-9DC8D0806AEF}.Release|Any CPU.ActiveCfg = Release|Any CPU
		{6F242193-5DE9-4914-9974-9DC8D0806AEF}.Release|Any CPU.Build.0 = Release|Any CPU
	EndGlobalSection
	GlobalSection(SolutionProperties) = preSolution
		HideSolutionNode = FALSE
	EndGlobalSection
	GlobalSection(ExtensibilityGlobals) = postSolution
		SolutionGuid = {CDBFD9D2-4315-4DAA-8CF4-638CDB782361}
	EndGlobalSection
EndGlobal
